<?xml version="1.0" encoding="utf-8"?>
<Project ToolsVersion="4.0" xmlns="http://schemas.microsoft.com/developer/msbuild/2003">
  <ItemGroup>
    <Filter Include="Source Files">
      <UniqueIdentifier>{4FC737F1-C7A5-4376-A066-2A32D752A2FF}</UniqueIdentifier>
      <Extensions>cpp;c;cc;cxx;c++;cppm;ixx;def;odl;idl;hpj;bat;asm;asmx</Extensions>
    </Filter>
    <Filter Include="Header Files">
      <UniqueIdentifier>{93995380-89BD-4b04-88EB-625FBE52EBFB}</UniqueIdentifier>
      <Extensions>h;hh;hpp;hxx;h++;hm;inl;inc;ipp;xsd</Extensions>
    </Filter>
    <Filter Include="Resource Files">
      <UniqueIdentifier>{67DA6AB6-F800-4c08-8B7A-83BB121AAD01}</UniqueIdentifier>
      <Extensions>rc;ico;cur;bmp;dlg;rc2;rct;bin;rgs;gif;jpg;jpeg;jpe;resx;tiff;tif;png;wav;mfcribbon-ms</Extensions>
    </Filter>
    <Filter Include="Header Files\Game">
      <UniqueIdentifier>{09e89a3b-1b32-469a-92bf-8cae82d32dd7}</UniqueIdentifier>
    </Filter>
    <Filter Include="Source Files\Game">
      <UniqueIdentifier>{3219acca-7353-4755-816a-576104eb8ab6}</UniqueIdentifier>
    </Filter>
    <Filter Include="Header Files\Util">
      <UniqueIdentifier>{29116d7e-1cf6-42fc-8127-c90211f122f3}</UniqueIdentifier>
    </Filter>
    <Filter Include="MinHook">
      <UniqueIdentifier>{78dccfbb-7770-4392-9335-c9725c1744f3}</UniqueIdentifier>
    </Filter>
    <Filter Include="Header Files\Entity">
      <UniqueIdentifier>{c2fb06dc-04b2-4350-bc72-0bc7dda4e400}</UniqueIdentifier>
    </Filter>
    <Filter Include="Header Files\Entity\Y3">
      <UniqueIdentifier>{99dfa962-2911-4cfa-8530-acf41f8e4a25}</UniqueIdentifier>
    </Filter>
    <Filter Include="Source Files\Entity">
      <UniqueIdentifier>{bf013dd5-01cc-42db-9433-f46797f688b0}</UniqueIdentifier>
    </Filter>
    <Filter Include="Source Files\Entity\Y3">
      <UniqueIdentifier>{792f5ef3-3f9a-46a3-9b96-203884774d97}</UniqueIdentifier>
    </Filter>
    <Filter Include="Header Files\Entity\Y4">
      <UniqueIdentifier>{f0a671f3-28ec-48b8-9797-8577ab1a9b9e}</UniqueIdentifier>
    </Filter>
  </ItemGroup>
  <ItemGroup>
    <ClInclude Include="framework.h">
      <Filter>Header Files</Filter>
    </ClInclude>
    <ClInclude Include="pch.h">
      <Filter>Header Files</Filter>
    </ClInclude>
    <ClInclude Include="defines.h">
      <Filter>Header Files</Filter>
    </ClInclude>
    <ClInclude Include="Game\FreecamGame.h">
      <Filter>Header Files\Game</Filter>
    </ClInclude>
    <ClInclude Include="types.h">
      <Filter>Header Files</Filter>
    </ClInclude>
    <ClInclude Include="Game\FreecamGameLADIW.h">
      <Filter>Header Files\Game</Filter>
    </ClInclude>
    <ClInclude Include="PatternScan.h">
      <Filter>Header Files\Util</Filter>
    </ClInclude>
    <ClInclude Include="string_utils.h">
      <Filter>Header Files\Util</Filter>
    </ClInclude>
    <ClInclude Include="game.h">
      <Filter>Header Files</Filter>
    </ClInclude>
    <ClInclude Include="Minhook\MinHook.h">
      <Filter>MinHook</Filter>
    </ClInclude>
    <ClInclude Include="Game\FreeCamGameLADGaiden.h">
      <Filter>Header Files\Game</Filter>
    </ClInclude>
    <ClInclude Include="memory.h">
      <Filter>Header Files\Util</Filter>
    </ClInclude>
    <ClInclude Include="Game\FreecamGameLJ.h">
      <Filter>Header Files\Game</Filter>
    </ClInclude>
    <ClInclude Include="Game\FreecamGameYLAD.h">
      <Filter>Header Files\Game</Filter>
    </ClInclude>
    <ClInclude Include="Game\FreecamGameJE.h">
      <Filter>Header Files\Game</Filter>
    </ClInclude>
    <ClInclude Include="Game\FreecamGameY3.h">
      <Filter>Header Files\Game</Filter>
    </ClInclude>
    <ClInclude Include="Entity\Y3\CActionBase.h">
      <Filter>Header Files\Entity\Y3</Filter>
    </ClInclude>
    <ClInclude Include="Entity\Y3\CActionCameraManager.h">
      <Filter>Header Files\Entity\Y3</Filter>
    </ClInclude>
    <ClInclude Include="Entity\Y3\CCameraBase.h">
      <Filter>Header Files\Entity\Y3</Filter>
    </ClInclude>
    <ClInclude Include="Game\FreecamGameY4.h">
      <Filter>Header Files\Game</Filter>
    </ClInclude>
  </ItemGroup>
  <ItemGroup>
    <ClCompile Include="dllmain.cpp">
      <Filter>Source Files</Filter>
    </ClCompile>
    <ClCompile Include="pch.cpp">
      <Filter>Source Files</Filter>
    </ClCompile>
    <ClCompile Include="Game\FreeCamGameLADIW.cpp">
      <Filter>Source Files\Game</Filter>
    </ClCompile>
    <ClCompile Include="Game\FreeCamGame.cpp">
      <Filter>Source Files\Game</Filter>
    </ClCompile>
    <ClCompile Include="Game\FreeCamGameLADGaiden.cpp">
      <Filter>Source Files\Game</Filter>
    </ClCompile>
    <ClCompile Include="memory.cpp">
      <Filter>Header Files\Util</Filter>
    </ClCompile>
    <ClCompile Include="Game\FreeCamGameLJ.cpp">
      <Filter>Source Files\Game</Filter>
    </ClCompile>
    <ClCompile Include="Game\FreeCamGameYLAD.cpp">
      <Filter>Source Files\Game</Filter>
    </ClCompile>
    <ClCompile Include="Game\FreeCamGameJE.cpp">
      <Filter>Source Files\Game</Filter>
    </ClCompile>
    <ClCompile Include="Game\FreeCamGameY3.cpp">
      <Filter>Source Files\Game</Filter>
    </ClCompile>
    <ClCompile Include="Entity\Y3\CActionCameraManager.cpp">
      <Filter>Source Files\Entity\Y3</Filter>
    </ClCompile>
    <ClCompile Include="Game\FreeCamGameY4.cpp">
      <Filter>Source Files\Game</Filter>
    </ClCompile>
  </ItemGroup>
  <ItemGroup>
    <Library Include="Minhook\libMinHook.x64.lib">
      <Filter>MinHook</Filter>
    </Library>
    <Library Include="Minhook\MinHook.x64.lib">
      <Filter>MinHook</Filter>
    </Library>
  </ItemGroup>
</Project>